
Microsoft Visual Studio Solution File, Format Version 12.00
# Visual Studio Version 16
VisualStudioVersion = 16.0.29409.12
MinimumVisualStudioVersion = 10.0.40219.1
Project("{FAE04EC0-301F-11D3-BF4B-00C04F79EFBC}") = "Задание 8", "Задание 8\Задание 8.csproj", "{3BCFA7D6-FBEA-4FAE-9881-0B7DD666246B}"
EndProject
Global
	GlobalSection(SolutionConfigurationPlatforms) = preSolution
		Debug|Any CPU = Debug|Any CPU
		Release|Any CPU = Release|Any CPU
	EndGlobalSection
	GlobalSection(ProjectConfigurationPlatforms) = postSolution
		{3BCFA7D6-FBEA-4FAE-9881-0B7DD666246B}.Debug|Any CPU.ActiveCfg = Debug|Any CPU
		{3BCFA7D6-FBEA-4FAE-9881-0B7DD666246B}.Debug|Any CPU.Build.0 = Debug|Any CPU
		{3BCFA7D6-FBEA-4FAE-9881-0B7DD666246B}.Release|Any CPU.ActiveCfg = Release|Any CPU
		{3BCFA7D6-FBEA-4FAE-9881-0B7DD666246B}.Release|Any CPU.Build.0 = Release|Any CPU
	EndGlobalSection
	GlobalSection(SolutionProperties) = preSolution
		HideSolutionNode = FALSE
	EndGlobalSection
	GlobalSection(ExtensibilityGlobals) = postSolution
		SolutionGuid = {6D0F2591-5573-4A0E-9B56-FD153597C8BD}
	EndGlobalSection
EndGlobal
